
Microsoft Visual Studio Solution File, Format Version 12.00
# Visual Studio Version 16
VisualStudioVersion = 16.0.31829.152
MinimumVisualStudioVersion = 10.0.40219.1
Project("{FAE04EC0-301F-11D3-BF4B-00C04F79EFBC}") = "ParkingManager.Api", "ParkingManager.Api\ParkingManager.Api.csproj", "{F49A0FB7-5BB1-4809-9F9B-4F34E2120A75}"
EndProject
Project("{FAE04EC0-301F-11D3-BF4B-00C04F79EFBC}") = "ParkingManager.Database", "ParkingManager.Database\ParkingManager.Database.csproj", "{850751A1-0F8F-4186-8E21-FD36D89BA954}"
EndProject
Project("{FAE04EC0-301F-11D3-BF4B-00C04F79EFBC}") = "ParkingManager.Services", "ParkingManager.Services\ParkingManager.Services.csproj", "{D6E6FC7D-381C-40BA-8524-DBB5B1345338}"
EndProject
Global
	GlobalSection(SolutionConfigurationPlatforms) = preSolution
		Debug|Any CPU = Debug|Any CPU
		Release|Any CPU = Release|Any CPU
	EndGlobalSection
	GlobalSection(ProjectConfigurationPlatforms) = postSolution
		{F49A0FB7-5BB1-4809-9F9B-4F34E2120A75}.Debug|Any CPU.ActiveCfg = Debug|Any CPU
		{F49A0FB7-5BB1-4809-9F9B-4F34E2120A75}.Debug|Any CPU.Build.0 = Debug|Any CPU
		{F49A0FB7-5BB1-4809-9F9B-4F34E2120A75}.Release|Any CPU.ActiveCfg = Release|Any CPU
		{F49A0FB7-5BB1-4809-9F9B-4F34E2120A75}.Release|Any CPU.Build.0 = Release|Any CPU
		{850751A1-0F8F-4186-8E21-FD36D89BA954}.Debug|Any CPU.ActiveCfg = Debug|Any CPU
		{850751A1-0F8F-4186-8E21-FD36D89BA954}.Debug|Any CPU.Build.0 = Debug|Any CPU
		{850751A1-0F8F-4186-8E21-FD36D89BA954}.Release|Any CPU.ActiveCfg = Release|Any CPU
		{850751A1-0F8F-4186-8E21-FD36D89BA954}.Release|Any CPU.Build.0 = Release|Any CPU
		{D6E6FC7D-381C-40BA-8524-DBB5B1345338}.Debug|Any CPU.ActiveCfg = Debug|Any CPU
		{D6E6FC7D-381C-40BA-8524-DBB5B1345338}.Debug|Any CPU.Build.0 = Debug|Any CPU
		{D6E6FC7D-381C-40BA-8524-DBB5B1345338}.Release|Any CPU.ActiveCfg = Release|Any CPU
		{D6E6FC7D-381C-40BA-8524-DBB5B1345338}.Release|Any CPU.Build.0 = Release|Any CPU
	EndGlobalSection
	GlobalSection(SolutionProperties) = preSolution
		HideSolutionNode = FALSE
	EndGlobalSection
	GlobalSection(ExtensibilityGlobals) = postSolution
		SolutionGuid = {46406641-CF5A-42A5-A0D7-1CA980AC0158}
	EndGlobalSection
EndGlobal
